PODS:
  - Alamofire (5.6.4)
  - GPAC4iOS (0.2.1)
  - M3U8Kit (1.0.2)
  - TS2MP4 (0.2.1):
    - GPAC4iOS (= 0.2.1)

DEPENDENCIES:
  - Alamofire
  - M3U8Kit
  - TS2MP4

SPEC REPOS:
  trunk:
    - Alamofire
    - GPAC4iOS
    - M3U8Kit
    - TS2MP4

SPEC CHECKSUMS:
  Alamofire: 4e95d97098eacb88856099c4fc79b526a299e48c
  GPAC4iOS: 81b31a8fae9c1e98fa5e28c2e60932e9f93d82a1
  M3U8Kit: 6a0d55ba2e62e146f34f53276d7c3aa78ed4fc00
  TS2MP4: 5819f4a91bd1a8e6390becb3d146c3260c205780

PODFILE CHECKSUM: 537b9a7a821c3245a33ea8e3614b183ee41cf4e7

COCOAPODS: 1.11.3
