// !$*UTF8*$!
{
	archiveVersion = 1;
	classes = {
	};
	objectVersion = 56;
	objects = {

/* Begin PBXBuildFile section */
		863B2A09296C6F4B00ACFF89 /* DownloadManager.swift in Sources */ = {isa = PBXBuildFile; fileRef = 863B2A08296C6F4B00ACFF89 /* DownloadManager.swift */; };
		86DE6A7E296C30490060D85F /* AppDelegate.swift in Sources */ = {isa = PBXBuildFile; fileRef = 86DE6A7D296C30490060D85F /* AppDelegate.swift */; };
		86DE6A80296C30490060D85F /* SceneDelegate.swift in Sources */ = {isa = PBXBuildFile; fileRef = 86DE6A7F296C30490060D85F /* SceneDelegate.swift */; };
		86DE6A82296C30490060D85F /* ViewController.swift in Sources */ = {isa = PBXBuildFile; fileRef = 86DE6A81296C30490060D85F /* ViewController.swift */; };
		86DE6A85296C30490060D85F /* Main.storyboard in Resources */ = {isa = PBXBuildFile; fileRef = 86DE6A83296C30490060D85F /* Main.storyboard */; };
		86DE6A87296C304B0060D85F /* Assets.xcassets in Resources */ = {isa = PBXBuildFile; fileRef = 86DE6A86296C304B0060D85F /* Assets.xcassets */; };
		86DE6A8A296C304B0060D85F /* LaunchScreen.storyboard in Resources */ = {isa = PBXBuildFile; fileRef = 86DE6A88296C304B0060D85F /* LaunchScreen.storyboard */; };
		B1EF15E8277EE7A2A1E2C529 /* Pods_download.framework in Frameworks */ = {isa = PBXBuildFile; fileRef = A8E2B6AB597EC5352270DFFB /* Pods_download.framework */; };
		E3CDF6B80E2653AE197F20F2 /* Pods_download_downloadUITests.framework in Frameworks */ = {isa = PBXBuildFile; fileRef = 7DD61B212C9BA3A47D4E74DC /* Pods_download_downloadUITests.framework */; };
		EDB72E9E6BA5BAF4C51DC948 /* Pods_downloadTests.framework in Frameworks */ = {isa = PBXBuildFile; fileRef = 96AE1F8971E90D100BA220D0 /* Pods_downloadTests.framework */; };
/* End PBXBuildFile section */

/* Begin PBXContainerItemProxy section */
		86DE6A91296C304B0060D85F /* PBXContainerItemProxy */ = {
			isa = PBXContainerItemProxy;
			containerPortal = 86DE6A72296C30480060D85F /* Project object */;
			proxyType = 1;
			remoteGlobalIDString = 86DE6A79296C30490060D85F;
			remoteInfo = download;
		};
		86DE6A9B296C304B0060D85F /* PBXContainerItemProxy */ = {
			isa = PBXContainerItemProxy;
			containerPortal = 86DE6A72296C30480060D85F /* Project object */;
			proxyType = 1;
			remoteGlobalIDString = 86DE6A79296C30490060D85F;
			remoteInfo = download;
		};
/* End PBXContainerItemProxy section */

/* Begin PBXFileReference section */
		210B9D0BEFC2FE12AEB6A973 /* Pods-downloadTests.release.xcconfig */ = {isa = PBXFileReference; includeInIndex = 1; lastKnownFileType = text.xcconfig; name = "Pods-downloadTests.release.xcconfig"; path = "Target Support Files/Pods-downloadTests/Pods-downloadTests.release.xcconfig"; sourceTree = "<group>"; };
		4255BFBD927AA69D38D3D8CB /* Pods-download-downloadUITests.debug.xcconfig */ = {isa = PBXFileReference; includeInIndex = 1; lastKnownFileType = text.xcconfig; name = "Pods-download-downloadUITests.debug.xcconfig"; path = "Target Support Files/Pods-download-downloadUITests/Pods-download-downloadUITests.debug.xcconfig"; sourceTree = "<group>"; };
		7DD61B212C9BA3A47D4E74DC /* Pods_download_downloadUITests.framework */ = {isa = PBXFileReference; explicitFileType = wrapper.framework; includeInIndex = 0; path = Pods_download_downloadUITests.framework; sourceTree = BUILT_PRODUCTS_DIR; };
		863B2A08296C6F4B00ACFF89 /* DownloadManager.swift */ = {isa = PBXFileReference; lastKnownFileType = sourcecode.swift; path = DownloadManager.swift; sourceTree = "<group>"; };
		86DE6A7A296C30490060D85F /* download.app */ = {isa = PBXFileReference; explicitFileType = wrapper.application; includeInIndex = 0; path = download.app; sourceTree = BUILT_PRODUCTS_DIR; };
		86DE6A7D296C30490060D85F /* AppDelegate.swift */ = {isa = PBXFileReference; lastKnownFileType = sourcecode.swift; path = AppDelegate.swift; sourceTree = "<group>"; };
		86DE6A7F296C30490060D85F /* SceneDelegate.swift */ = {isa = PBXFileReference; lastKnownFileType = sourcecode.swift; path = SceneDelegate.swift; sourceTree = "<group>"; };
		86DE6A81296C30490060D85F /* ViewController.swift */ = {isa = PBXFileReference; lastKnownFileType = sourcecode.swift; path = ViewController.swift; sourceTree = "<group>"; };
		86DE6A84296C30490060D85F /* Base */ = {isa = PBXFileReference; lastKnownFileType = file.storyboard; name = Base; path = Base.lproj/Main.storyboard; sourceTree = "<group>"; };
		86DE6A86296C304B0060D85F /* Assets.xcassets */ = {isa = PBXFileReference; lastKnownFileType = folder.assetcatalog; path = Assets.xcassets; sourceTree = "<group>"; };
		86DE6A89296C304B0060D85F /* Base */ = {isa = PBXFileReference; lastKnownFileType = file.storyboard; name = Base; path = Base.lproj/LaunchScreen.storyboard; sourceTree = "<group>"; };
		86DE6A8B296C304B0060D85F /* Info.plist */ = {isa = PBXFileReference; lastKnownFileType = text.plist.xml; path = Info.plist; sourceTree = "<group>"; };
		86DE6A90296C304B0060D85F /* downloadTests.xctest */ = {isa = PBXFileReference; explicitFileType = wrapper.cfbundle; includeInIndex = 0; path = downloadTests.xctest; sourceTree = BUILT_PRODUCTS_DIR; };
		86DE6A9A296C304B0060D85F /* downloadUITests.xctest */ = {isa = PBXFileReference; explicitFileType = wrapper.cfbundle; includeInIndex = 0; path = downloadUITests.xctest; sourceTree = BUILT_PRODUCTS_DIR; };
		8FF9369A40C9720AAAB0D904 /* Pods-download.release.xcconfig */ = {isa = PBXFileReference; includeInIndex = 1; lastKnownFileType = text.xcconfig; name = "Pods-download.release.xcconfig"; path = "Target Support Files/Pods-download/Pods-download.release.xcconfig"; sourceTree = "<group>"; };
		96AE1F8971E90D100BA220D0 /* Pods_downloadTests.framework */ = {isa = PBXFileReference; explicitFileType = wrapper.framework; includeInIndex = 0; path = Pods_downloadTests.framework; sourceTree = BUILT_PRODUCTS_DIR; };
		A8E2B6AB597EC5352270DFFB /* Pods_download.framework */ = {isa = PBXFileReference; explicitFileType = wrapper.framework; includeInIndex = 0; path = Pods_download.framework; sourceTree = BUILT_PRODUCTS_DIR; };
		D2727363959FA75A0084FA77 /* Pods-download-downloadUITests.release.xcconfig */ = {isa = PBXFileReference; includeInIndex = 1; lastKnownFileType = text.xcconfig; name = "Pods-download-downloadUITests.release.xcconfig"; path = "Target Support Files/Pods-download-downloadUITests/Pods-download-downloadUITests.release.xcconfig"; sourceTree = "<group>"; };
		F0F221F9E521D8C49F70E687 /* Pods-downloadTests.debug.xcconfig */ = {isa = PBXFileReference; includeInIndex = 1; lastKnownFileType = text.xcconfig; name = "Pods-downloadTests.debug.xcconfig"; path = "Target Support Files/Pods-downloadTests/Pods-downloadTests.debug.xcconfig"; sourceTree = "<group>"; };
		F87A787F6E238D9A2E045EF5 /* Pods-download.debug.xcconfig */ = {isa = PBXFileReference; includeInIndex = 1; lastKnownFileType = text.xcconfig; name = "Pods-download.debug.xcconfig"; path = "Target Support Files/Pods-download/Pods-download.debug.xcconfig"; sourceTree = "<group>"; };
/* End PBXFileReference section */

/* Begin PBXFrameworksBuildPhase section */
		86DE6A77296C30490060D85F /* Frameworks */ = {
			isa = PBXFrameworksBuildPhase;
			buildActionMask = 2147483647;
			files = (
				B1EF15E8277EE7A2A1E2C529 /* Pods_download.framework in Frameworks */,
			);
			runOnlyForDeploymentPostprocessing = 0;
		};
		86DE6A8D296C304B0060D85F /* Frameworks */ = {
			isa = PBXFrameworksBuildPhase;
			buildActionMask = 2147483647;
			files = (
				EDB72E9E6BA5BAF4C51DC948 /* Pods_downloadTests.framework in Frameworks */,
			);
			runOnlyForDeploymentPostprocessing = 0;
		};
		86DE6A97296C304B0060D85F /* Frameworks */ = {
			isa = PBXFrameworksBuildPhase;
			buildActionMask = 2147483647;
			files = (
				E3CDF6B80E2653AE197F20F2 /* Pods_download_downloadUITests.framework in Frameworks */,
			);
			runOnlyForDeploymentPostprocessing = 0;
		};
/* End PBXFrameworksBuildPhase section */

/* Begin PBXGroup section */
		15432F8F0D1C087EEA722D3E /* Pods */ = {
			isa = PBXGroup;
			children = (
				F87A787F6E238D9A2E045EF5 /* Pods-download.debug.xcconfig */,
				8FF9369A40C9720AAAB0D904 /* Pods-download.release.xcconfig */,
				4255BFBD927AA69D38D3D8CB /* Pods-download-downloadUITests.debug.xcconfig */,
				D2727363959FA75A0084FA77 /* Pods-download-downloadUITests.release.xcconfig */,
				F0F221F9E521D8C49F70E687 /* Pods-downloadTests.debug.xcconfig */,
				210B9D0BEFC2FE12AEB6A973 /* Pods-downloadTests.release.xcconfig */,
			);
			path = Pods;
			sourceTree = "<group>";
		};
		86DE6A71296C30480060D85F = {
			isa = PBXGroup;
			children = (
				86DE6A7C296C30490060D85F /* download */,
				86DE6A7B296C30490060D85F /* Products */,
				15432F8F0D1C087EEA722D3E /* Pods */,
				937A2F95A2F0C7A683FEFC6C /* Frameworks */,
			);
			sourceTree = "<group>";
		};
		86DE6A7B296C30490060D85F /* Products */ = {
			isa = PBXGroup;
			children = (
				86DE6A7A296C30490060D85F /* download.app */,
				86DE6A90296C304B0060D85F /* downloadTests.xctest */,
				86DE6A9A296C304B0060D85F /* downloadUITests.xctest */,
			);
			name = Products;
			sourceTree = "<group>";
		};
		86DE6A7C296C30490060D85F /* download */ = {
			isa = PBXGroup;
			children = (
				86DE6A7D296C30490060D85F /* AppDelegate.swift */,
				86DE6A7F296C30490060D85F /* SceneDelegate.swift */,
				86DE6A81296C30490060D85F /* ViewController.swift */,
				86DE6A83296C30490060D85F /* Main.storyboard */,
				86DE6A86296C304B0060D85F /* Assets.xcassets */,
				86DE6A88296C304B0060D85F /* LaunchScreen.storyboard */,
				86DE6A8B296C304B0060D85F /* Info.plist */,
				863B2A08296C6F4B00ACFF89 /* DownloadManager.swift */,
			);
			path = download;
			sourceTree = "<group>";
		};
		937A2F95A2F0C7A683FEFC6C /* Frameworks */ = {
			isa = PBXGroup;
			children = (
				A8E2B6AB597EC5352270DFFB /* Pods_download.framework */,
				7DD61B212C9BA3A47D4E74DC /* Pods_download_downloadUITests.framework */,
				96AE1F8971E90D100BA220D0 /* Pods_downloadTests.framework */,
			);
			name = Frameworks;
			sourceTree = "<group>";
		};
/* End PBXGroup section */

/* Begin PBXNativeTarget section */
		86DE6A79296C30490060D85F /* download */ = {
			isa = PBXNativeTarget;
			buildConfigurationList = 86DE6AA4296C304B0060D85F /* Build configuration list for PBXNativeTarget "download" */;
			buildPhases = (
				0B0BEC12A8EB61AC7E3EEB66 /* [CP] Check Pods Manifest.lock */,
				86DE6A76296C30490060D85F /* Sources */,
				86DE6A77296C30490060D85F /* Frameworks */,
				86DE6A78296C30490060D85F /* Resources */,
				E5FCF79C01BABF7A128F2D97 /* [CP] Embed Pods Frameworks */,
			);
			buildRules = (
			);
			dependencies = (
			);
			name = download;
			productName = download;
			productReference = 86DE6A7A296C30490060D85F /* download.app */;
			productType = "com.apple.product-type.application";
		};
		86DE6A8F296C304B0060D85F /* downloadTests */ = {
			isa = PBXNativeTarget;
			buildConfigurationList = 86DE6AA7296C304B0060D85F /* Build configuration list for PBXNativeTarget "downloadTests" */;
			buildPhases = (
				575C2B01AFDE74182D7ACA38 /* [CP] Check Pods Manifest.lock */,
				86DE6A8C296C304B0060D85F /* Sources */,
				86DE6A8D296C304B0060D85F /* Frameworks */,
				86DE6A8E296C304B0060D85F /* Resources */,
			);
			buildRules = (
			);
			dependencies = (
				86DE6A92296C304B0060D85F /* PBXTargetDependency */,
			);
			name = downloadTests;
			productName = downloadTests;
			productReference = 86DE6A90296C304B0060D85F /* downloadTests.xctest */;
			productType = "com.apple.product-type.bundle.unit-test";
		};
		86DE6A99296C304B0060D85F /* downloadUITests */ = {
			isa = PBXNativeTarget;
			buildConfigurationList = 86DE6AAA296C304B0060D85F /* Build configuration list for PBXNativeTarget "downloadUITests" */;
			buildPhases = (
				8C1F7A209B971F9022CACCEE /* [CP] Check Pods Manifest.lock */,
				86DE6A96296C304B0060D85F /* Sources */,
				86DE6A97296C304B0060D85F /* Frameworks */,
				86DE6A98296C304B0060D85F /* Resources */,
				E03499085D49D667642DF5D2 /* [CP] Embed Pods Frameworks */,
			);
			buildRules = (
			);
			dependencies = (
				86DE6A9C296C304B0060D85F /* PBXTargetDependency */,
			);
			name = downloadUITests;
			productName = downloadUITests;
			productReference = 86DE6A9A296C304B0060D85F /* downloadUITests.xctest */;
			productType = "com.apple.product-type.bundle.ui-testing";
		};
/* End PBXNativeTarget section */

/* Begin PBXProject section */
		86DE6A72296C30480060D85F /* Project object */ = {
			isa = PBXProject;
			attributes = {
				BuildIndependentTargetsInParallel = 1;
				LastSwiftUpdateCheck = 1420;
				LastUpgradeCheck = 1420;
				TargetAttributes = {
					86DE6A79296C30490060D85F = {
						CreatedOnToolsVersion = 14.2;
					};
					86DE6A8F296C304B0060D85F = {
						CreatedOnToolsVersion = 14.2;
						TestTargetID = 86DE6A79296C30490060D85F;
					};
					86DE6A99296C304B0060D85F = {
						CreatedOnToolsVersion = 14.2;
						TestTargetID = 86DE6A79296C30490060D85F;
					};
				};
			};
			buildConfigurationList = 86DE6A75296C30480060D85F /* Build configuration list for PBXProject "download" */;
			compatibilityVersion = "Xcode 14.0";
			developmentRegion = en;
			hasScannedForEncodings = 0;
			knownRegions = (
				en,
				Base,
			);
			mainGroup = 86DE6A71296C30480060D85F;
			productRefGroup = 86DE6A7B296C30490060D85F /* Products */;
			projectDirPath = "";
			projectRoot = "";
			targets = (
				86DE6A79296C30490060D85F /* download */,
				86DE6A8F296C304B0060D85F /* downloadTests */,
				86DE6A99296C304B0060D85F /* downloadUITests */,
			);
		};
/* End PBXProject section */

/* Begin PBXResourcesBuildPhase section */
		86DE6A78296C30490060D85F /* Resources */ = {
			isa = PBXResourcesBuildPhase;
			buildActionMask = 2147483647;
			files = (
				86DE6A8A296C304B0060D85F /* LaunchScreen.storyboard in Resources */,
				86DE6A87296C304B0060D85F /* Assets.xcassets in Resources */,
				86DE6A85296C30490060D85F /* Main.storyboard in Resources */,
			);
			runOnlyForDeploymentPostprocessing = 0;
		};
		86DE6A8E296C304B0060D85F /* Resources */ = {
			isa = PBXResourcesBuildPhase;
			buildActionMask = 2147483647;
			files = (
			);
			runOnlyForDeploymentPostprocessing = 0;
		};
		86DE6A98296C304B0060D85F /* Resources */ = {
			isa = PBXResourcesBuildPhase;
			buildActionMask = 2147483647;
			files = (
			);
			runOnlyForDeploymentPostprocessing = 0;
		};
/* End PBXResourcesBuildPhase section */

/* Begin PBXShellScriptBuildPhase section */
		0B0BEC12A8EB61AC7E3EEB66 /* [CP] Check Pods Manifest.lock */ = {
			isa = PBXShellScriptBuildPhase;
			buildActionMask = 2147483647;
			files = (
			);
			inputFileListPaths = (
			);
			inputPaths = (
				"${PODS_PODFILE_DIR_PATH}/Podfile.lock",
				"${PODS_ROOT}/Manifest.lock",
			);
			name = "[CP] Check Pods Manifest.lock";
			outputFileListPaths = (
			);
			outputPaths = (
				"$(DERIVED_FILE_DIR)/Pods-download-checkManifestLockResult.txt",
			);
			runOnlyForDeploymentPostprocessing = 0;
			shellPath = /bin/sh;
			shellScript = "diff \"${PODS_PODFILE_DIR_PATH}/Podfile.lock\" \"${PODS_ROOT}/Manifest.lock\" > /dev/null\nif [ $? != 0 ] ; then\n    # print error to STDERR\n    echo \"error: The sandbox is not in sync with the Podfile.lock. Run 'pod install' or update your CocoaPods installation.\" >&2\n    exit 1\nfi\n# This output is used by Xcode 'outputs' to avoid re-running this script phase.\necho \"SUCCESS\" > \"${SCRIPT_OUTPUT_FILE_0}\"\n";
			showEnvVarsInLog = 0;
		};
		575C2B01AFDE74182D7ACA38 /* [CP] Check Pods Manifest.lock */ = {
			isa = PBXShellScriptBuildPhase;
			buildActionMask = 2147483647;
			files = (
			);
			inputFileListPaths = (
			);
			inputPaths = (
				"${PODS_PODFILE_DIR_PATH}/Podfile.lock",
				"${PODS_ROOT}/Manifest.lock",
			);
			name = "[CP] Check Pods Manifest.lock";
			outputFileListPaths = (
			);
			outputPaths = (
				"$(DERIVED_FILE_DIR)/Pods-downloadTests-checkManifestLockResult.txt",
			);
			runOnlyForDeploymentPostprocessing = 0;
			shellPath = /bin/sh;
			shellScript = "diff \"${PODS_PODFILE_DIR_PATH}/Podfile.lock\" \"${PODS_ROOT}/Manifest.lock\" > /dev/null\nif [ $? != 0 ] ; then\n    # print error to STDERR\n    echo \"error: The sandbox is not in sync with the Podfile.lock. Run 'pod install' or update your CocoaPods installation.\" >&2\n    exit 1\nfi\n# This output is used by Xcode 'outputs' to avoid re-running this script phase.\necho \"SUCCESS\" > \"${SCRIPT_OUTPUT_FILE_0}\"\n";
			showEnvVarsInLog = 0;
		};
		8C1F7A209B971F9022CACCEE /* [CP] Check Pods Manifest.lock */ = {
			isa = PBXShellScriptBuildPhase;
			buildActionMask = 2147483647;
			files = (
			);
			inputFileListPaths = (
			);
			inputPaths = (
				"${PODS_PODFILE_DIR_PATH}/Podfile.lock",
				"${PODS_ROOT}/Manifest.lock",
			);
			name = "[CP] Check Pods Manifest.lock";
			outputFileListPaths = (
			);
			outputPaths = (
				"$(DERIVED_FILE_DIR)/Pods-download-downloadUITests-checkManifestLockResult.txt",
			);
			runOnlyForDeploymentPostprocessing = 0;
			shellPath = /bin/sh;
			shellScript = "diff \"${PODS_PODFILE_DIR_PATH}/Podfile.lock\" \"${PODS_ROOT}/Manifest.lock\" > /dev/null\nif [ $? != 0 ] ; then\n    # print error to STDERR\n    echo \"error: The sandbox is not in sync with the Podfile.lock. Run 'pod install' or update your CocoaPods installation.\" >&2\n    exit 1\nfi\n# This output is used by Xcode 'outputs' to avoid re-running this script phase.\necho \"SUCCESS\" > \"${SCRIPT_OUTPUT_FILE_0}\"\n";
			showEnvVarsInLog = 0;
		};
		E03499085D49D667642DF5D2 /* [CP] Embed Pods Frameworks */ = {
			isa = PBXShellScriptBuildPhase;
			buildActionMask = 2147483647;
			files = (
			);
			inputFileListPaths = (
				"${PODS_ROOT}/Target Support Files/Pods-download-downloadUITests/Pods-download-downloadUITests-frameworks-${CONFIGURATION}-input-files.xcfilelist",
			);
			name = "[CP] Embed Pods Frameworks";
			outputFileListPaths = (
				"${PODS_ROOT}/Target Support Files/Pods-download-downloadUITests/Pods-download-downloadUITests-frameworks-${CONFIGURATION}-output-files.xcfilelist",
			);
			runOnlyForDeploymentPostprocessing = 0;
			shellPath = /bin/sh;
			shellScript = "\"${PODS_ROOT}/Target Support Files/Pods-download-downloadUITests/Pods-download-downloadUITests-frameworks.sh\"\n";
			showEnvVarsInLog = 0;
		};
		E5FCF79C01BABF7A128F2D97 /* [CP] Embed Pods Frameworks */ = {
			isa = PBXShellScriptBuildPhase;
			buildActionMask = 2147483647;
			files = (
			);
			inputFileListPaths = (
				"${PODS_ROOT}/Target Support Files/Pods-download/Pods-download-frameworks-${CONFIGURATION}-input-files.xcfilelist",
			);
			name = "[CP] Embed Pods Frameworks";
			outputFileListPaths = (
				"${PODS_ROOT}/Target Support Files/Pods-download/Pods-download-frameworks-${CONFIGURATION}-output-files.xcfilelist",
			);
			runOnlyForDeploymentPostprocessing = 0;
			shellPath = /bin/sh;
			shellScript = "\"${PODS_ROOT}/Target Support Files/Pods-download/Pods-download-frameworks.sh\"\n";
			showEnvVarsInLog = 0;
		};
/* End PBXShellScriptBuildPhase section */

/* Begin PBXSourcesBuildPhase section */
		86DE6A76296C30490060D85F /* Sources */ = {
			isa = PBXSourcesBuildPhase;
			buildActionMask = 2147483647;
			files = (
				86DE6A82296C30490060D85F /* ViewController.swift in Sources */,
				86DE6A7E296C30490060D85F /* AppDelegate.swift in Sources */,
				86DE6A80296C30490060D85F /* SceneDelegate.swift in Sources */,
				863B2A09296C6F4B00ACFF89 /* DownloadManager.swift in Sources */,
			);
			runOnlyForDeploymentPostprocessing = 0;
		};
		86DE6A8C296C304B0060D85F /* Sources */ = {
			isa = PBXSourcesBuildPhase;
			buildActionMask = 2147483647;
			files = (
			);
			runOnlyForDeploymentPostprocessing = 0;
		};
		86DE6A96296C304B0060D85F /* Sources */ = {
			isa = PBXSourcesBuildPhase;
			buildActionMask = 2147483647;
			files = (
			);
			runOnlyForDeploymentPostprocessing = 0;
		};
/* End PBXSourcesBuildPhase section */

/* Begin PBXTargetDependency section */
		86DE6A92296C304B0060D85F /* PBXTargetDependency */ = {
			isa = PBXTargetDependency;
			target = 86DE6A79296C30490060D85F /* download */;
			targetProxy = 86DE6A91296C304B0060D85F /* PBXContainerItemProxy */;
		};
		86DE6A9C296C304B0060D85F /* PBXTargetDependency */ = {
			isa = PBXTargetDependency;
			target = 86DE6A79296C30490060D85F /* download */;
			targetProxy = 86DE6A9B296C304B0060D85F /* PBXContainerItemProxy */;
		};
/* End PBXTargetDependency section */

/* Begin PBXVariantGroup section */
		86DE6A83296C30490060D85F /* Main.storyboard */ = {
			isa = PBXVariantGroup;
			children = (
				86DE6A84296C30490060D85F /* Base */,
			);
			name = Main.storyboard;
			sourceTree = "<group>";
		};
		86DE6A88296C304B0060D85F /* LaunchScreen.storyboard */ = {
			isa = PBXVariantGroup;
			children = (
				86DE6A89296C304B0060D85F /* Base */,
			);
			name = LaunchScreen.storyboard;
			sourceTree = "<group>";
		};
/* End PBXVariantGroup section */

/* Begin XCBuildConfiguration section */
		86DE6AA2296C304B0060D85F /* Debug */ = {
			isa = XCBuildConfiguration;
			buildSettings = {
				ALWAYS_SEARCH_USER_PATHS = NO;
				CLANG_ANALYZER_NONNULL = YES;
				CLANG_ANALYZER_NUMBER_OBJECT_CONVERSION = YES_AGGRESSIVE;
				CLANG_CXX_LANGUAGE_STANDARD = "gnu++20";
				CLANG_ENABLE_MODULES = YES;
				CLANG_ENABLE_OBJC_ARC = YES;
				CLANG_ENABLE_OBJC_WEAK = YES;
				CLANG_WARN_BLOCK_CAPTURE_AUTORELEASING = YES;
				CLANG_WARN_BOOL_CONVERSION = YES;
				CLANG_WARN_COMMA = YES;
				CLANG_WARN_CONSTANT_CONVERSION = YES;
				CLANG_WARN_DEPRECATED_OBJC_IMPLEMENTATIONS = YES;
				CLANG_WARN_DIRECT_OBJC_ISA_USAGE = YES_ERROR;
				CLANG_WARN_DOCUMENTATION_COMMENTS = YES;
				CLANG_WARN_EMPTY_BODY = YES;
				CLANG_WARN_ENUM_CONVERSION = YES;
				CLANG_WARN_INFINITE_RECURSION = YES;
				CLANG_WARN_INT_CONVERSION = YES;
				CLANG_WARN_NON_LITERAL_NULL_CONVERSION = YES;
				CLANG_WARN_OBJC_IMPLICIT_RETAIN_SELF = YES;
				CLANG_WARN_OBJC_LITERAL_CONVERSION = YES;
				CLANG_WARN_OBJC_ROOT_CLASS = YES_ERROR;
				CLANG_WARN_QUOTED_INCLUDE_IN_FRAMEWORK_HEADER = YES;
				CLANG_WARN_RANGE_LOOP_ANALYSIS = YES;
				CLANG_WARN_STRICT_PROTOTYPES = YES;
				CLANG_WARN_SUSPICIOUS_MOVE = YES;
				CLANG_WARN_UNGUARDED_AVAILABILITY = YES_AGGRESSIVE;
				CLANG_WARN_UNREACHABLE_CODE = YES;
				CLANG_WARN__DUPLICATE_METHOD_MATCH = YES;
				COPY_PHASE_STRIP = NO;
				DEBUG_INFORMATION_FORMAT = dwarf;
				ENABLE_STRICT_OBJC_MSGSEND = YES;
				ENABLE_TESTABILITY = YES;
				GCC_C_LANGUAGE_STANDARD = gnu11;
				GCC_DYNAMIC_NO_PIC = NO;
				GCC_NO_COMMON_BLOCKS = YES;
				GCC_OPTIMIZATION_LEVEL = 0;
				GCC_PREPROCESSOR_DEFINITIONS = (
					"DEBUG=1",
					"$(inherited)",
				);
				GCC_WARN_64_TO_32_BIT_CONVERSION = YES;
				GCC_WARN_ABOUT_RETURN_TYPE = YES_ERROR;
				GCC_WARN_UNDECLARED_SELECTOR = YES;
				GCC_WARN_UNINITIALIZED_AUTOS = YES_AGGRESSIVE;
				GCC_WARN_UNUSED_FUNCTION = YES;
				GCC_WARN_UNUSED_VARIABLE = YES;
				IPHONEOS_DEPLOYMENT_TARGET = 16.2;
				MTL_ENABLE_DEBUG_INFO = INCLUDE_SOURCE;
				MTL_FAST_MATH = YES;
				ONLY_ACTIVE_ARCH = YES;
				SDKROOT = iphoneos;
				SWIFT_ACTIVE_COMPILATION_CONDITIONS = DEBUG;
				SWIFT_OPTIMIZATION_LEVEL = "-Onone";
			};
			name = Debug;
		};
		86DE6AA3296C304B0060D85F /* Release */ = {
			isa = XCBuildConfiguration;
			buildSettings = {
				ALWAYS_SEARCH_USER_PATHS = NO;
				CLANG_ANALYZER_NONNULL = YES;
				CLANG_ANALYZER_NUMBER_OBJECT_CONVERSION = YES_AGGRESSIVE;
				CLANG_CXX_LANGUAGE_STANDARD = "gnu++20";
				CLANG_ENABLE_MODULES = YES;
				CLANG_ENABLE_OBJC_ARC = YES;
				CLANG_ENABLE_OBJC_WEAK = YES;
				CLANG_WARN_BLOCK_CAPTURE_AUTORELEASING = YES;
				CLANG_WARN_BOOL_CONVERSION = YES;
				CLANG_WARN_COMMA = YES;
				CLANG_WARN_CONSTANT_CONVERSION = YES;
				CLANG_WARN_DEPRECATED_OBJC_IMPLEMENTATIONS = YES;
				CLANG_WARN_DIRECT_OBJC_ISA_USAGE = YES_ERROR;
				CLANG_WARN_DOCUMENTATION_COMMENTS = YES;
				CLANG_WARN_EMPTY_BODY = YES;
				CLANG_WARN_ENUM_CONVERSION = YES;
				CLANG_WARN_INFINITE_RECURSION = YES;
				CLANG_WARN_INT_CONVERSION = YES;
				CLANG_WARN_NON_LITERAL_NULL_CONVERSION = YES;
				CLANG_WARN_OBJC_IMPLICIT_RETAIN_SELF = YES;
				CLANG_WARN_OBJC_LITERAL_CONVERSION = YES;
				CLANG_WARN_OBJC_ROOT_CLASS = YES_ERROR;
				CLANG_WARN_QUOTED_INCLUDE_IN_FRAMEWORK_HEADER = YES;
				CLANG_WARN_RANGE_LOOP_ANALYSIS = YES;
				CLANG_WARN_STRICT_PROTOTYPES = YES;
				CLANG_WARN_SUSPICIOUS_MOVE = YES;
				CLANG_WARN_UNGUARDED_AVAILABILITY = YES_AGGRESSIVE;
				CLANG_WARN_UNREACHABLE_CODE = YES;
				CLANG_WARN__DUPLICATE_METHOD_MATCH = YES;
				COPY_PHASE_STRIP = NO;
				DEBUG_INFORMATION_FORMAT = "dwarf-with-dsym";
				ENABLE_NS_ASSERTIONS = NO;
				ENABLE_STRICT_OBJC_MSGSEND = YES;
				GCC_C_LANGUAGE_STANDARD = gnu11;
				GCC_NO_COMMON_BLOCKS = YES;
				GCC_WARN_64_TO_32_BIT_CONVERSION = YES;
				GCC_WARN_ABOUT_RETURN_TYPE = YES_ERROR;
				GCC_WARN_UNDECLARED_SELECTOR = YES;
				GCC_WARN_UNINITIALIZED_AUTOS = YES_AGGRESSIVE;
				GCC_WARN_UNUSED_FUNCTION = YES;
				GCC_WARN_UNUSED_VARIABLE = YES;
				IPHONEOS_DEPLOYMENT_TARGET = 16.2;
				MTL_ENABLE_DEBUG_INFO = NO;
				MTL_FAST_MATH = YES;
				SDKROOT = iphoneos;
				SWIFT_COMPILATION_MODE = wholemodule;
				SWIFT_OPTIMIZATION_LEVEL = "-O";
				VALIDATE_PRODUCT = YES;
			};
			name = Release;
		};
		86DE6AA5296C304B0060D85F /* Debug */ = {
			isa = XCBuildConfiguration;
			baseConfigurationReference = F87A787F6E238D9A2E045EF5 /* Pods-download.debug.xcconfig */;
			buildSettings = {
				ASSETCATALOG_COMPILER_APPICON_NAME = AppIcon;
				ASSETCATALOG_COMPILER_GLOBAL_ACCENT_COLOR_NAME = AccentColor;
				CODE_SIGN_STYLE = Automatic;
				CURRENT_PROJECT_VERSION = 1;
				GENERATE_INFOPLIST_FILE = YES;
				INFOPLIST_FILE = download/Info.plist;
				INFOPLIST_KEY_LSSupportsOpeningDocumentsInPlace = YES;
				INFOPLIST_KEY_UIApplicationSupportsIndirectInputEvents = YES;
				INFOPLIST_KEY_UILaunchStoryboardName = LaunchScreen;
				INFOPLIST_KEY_UIMainStoryboardFile = Main;
				INFOPLIST_KEY_UISupportedInterfaceOrientations_iPad = "UIInterfaceOrientationPortrait UIInterfaceOrientationPortraitUpsideDown UIInterfaceOrientationLandscapeLeft UIInterfaceOrientationLandscapeRight";
				INFOPLIST_KEY_UISupportedInterfaceOrientations_iPhone = "UIInterfaceOrientationPortrait UIInterfaceOrientationLandscapeLeft UIInterfaceOrientationLandscapeRight";
				INFOPLIST_KEY_UISupportsDocumentBrowser = YES;
				LD_RUNPATH_SEARCH_PATHS = (
					"$(inherited)",
					"@executable_path/Frameworks",
				);
				MARKETING_VERSION = 1.0;
				PRODUCT_BUNDLE_IDENTIFIER = com.utc.download.download;
				PRODUCT_NAME = "$(TARGET_NAME)";
				SWIFT_EMIT_LOC_STRINGS = YES;
				SWIFT_VERSION = 5.0;
				TARGETED_DEVICE_FAMILY = "1,2";
			};
			name = Debug;
		};
		86DE6AA6296C304B0060D85F /* Release */ = {
			isa = XCBuildConfiguration;
			baseConfigurationReference = 8FF9369A40C9720AAAB0D904 /* Pods-download.release.xcconfig */;
			buildSettings = {
				ASSETCATALOG_COMPILER_APPICON_NAME = AppIcon;
				ASSETCATALOG_COMPILER_GLOBAL_ACCENT_COLOR_NAME = AccentColor;
				CODE_SIGN_STYLE = Automatic;
				CURRENT_PROJECT_VERSION = 1;
				GENERATE_INFOPLIST_FILE = YES;
				INFOPLIST_FILE = download/Info.plist;
				INFOPLIST_KEY_LSSupportsOpeningDocumentsInPlace = YES;
				INFOPLIST_KEY_UIApplicationSupportsIndirectInputEvents = YES;
				INFOPLIST_KEY_UILaunchStoryboardName = LaunchScreen;
				INFOPLIST_KEY_UIMainStoryboardFile = Main;
				INFOPLIST_KEY_UISupportedInterfaceOrientations_iPad = "UIInterfaceOrientationPortrait UIInterfaceOrientationPortraitUpsideDown UIInterfaceOrientationLandscapeLeft UIInterfaceOrientationLandscapeRight";
				INFOPLIST_KEY_UISupportedInterfaceOrientations_iPhone = "UIInterfaceOrientationPortrait UIInterfaceOrientationLandscapeLeft UIInterfaceOrientationLandscapeRight";
				INFOPLIST_KEY_UISupportsDocumentBrowser = YES;
				LD_RUNPATH_SEARCH_PATHS = (
					"$(inherited)",
					"@executable_path/Frameworks",
				);
				MARKETING_VERSION = 1.0;
				PRODUCT_BUNDLE_IDENTIFIER = com.utc.download.download;
				PRODUCT_NAME = "$(TARGET_NAME)";
				SWIFT_EMIT_LOC_STRINGS = YES;
				SWIFT_VERSION = 5.0;
				TARGETED_DEVICE_FAMILY = "1,2";
			};
			name = Release;
		};
		86DE6AA8296C304B0060D85F /* Debug */ = {
			isa = XCBuildConfiguration;
			baseConfigurationReference = F0F221F9E521D8C49F70E687 /* Pods-downloadTests.debug.xcconfig */;
			buildSettings = {
				ALWAYS_EMBED_SWIFT_STANDARD_LIBRARIES = YES;
				BUNDLE_LOADER = "$(TEST_HOST)";
				CODE_SIGN_STYLE = Automatic;
				CURRENT_PROJECT_VERSION = 1;
				GENERATE_INFOPLIST_FILE = YES;
				IPHONEOS_DEPLOYMENT_TARGET = 16.2;
				MARKETING_VERSION = 1.0;
				PRODUCT_BUNDLE_IDENTIFIER = com.utc.download.downloadTests;
				PRODUCT_NAME = "$(TARGET_NAME)";
				SWIFT_EMIT_LOC_STRINGS = NO;
				SWIFT_VERSION = 5.0;
				TARGETED_DEVICE_FAMILY = "1,2";
				TEST_HOST = "$(BUILT_PRODUCTS_DIR)/download.app/$(BUNDLE_EXECUTABLE_FOLDER_PATH)/download";
			};
			name = Debug;
		};
		86DE6AA9296C304B0060D85F /* Release */ = {
			isa = XCBuildConfiguration;
			baseConfigurationReference = 210B9D0BEFC2FE12AEB6A973 /* Pods-downloadTests.release.xcconfig */;
			buildSettings = {
				ALWAYS_EMBED_SWIFT_STANDARD_LIBRARIES = YES;
				BUNDLE_LOADER = "$(TEST_HOST)";
				CODE_SIGN_STYLE = Automatic;
				CURRENT_PROJECT_VERSION = 1;
				GENERATE_INFOPLIST_FILE = YES;
				IPHONEOS_DEPLOYMENT_TARGET = 16.2;
				MARKETING_VERSION = 1.0;
				PRODUCT_BUNDLE_IDENTIFIER = com.utc.download.downloadTests;
				PRODUCT_NAME = "$(TARGET_NAME)";
				SWIFT_EMIT_LOC_STRINGS = NO;
				SWIFT_VERSION = 5.0;
				TARGETED_DEVICE_FAMILY = "1,2";
				TEST_HOST = "$(BUILT_PRODUCTS_DIR)/download.app/$(BUNDLE_EXECUTABLE_FOLDER_PATH)/download";
			};
			name = Release;
		};
		86DE6AAB296C304B0060D85F /* Debug */ = {
			isa = XCBuildConfiguration;
			baseConfigurationReference = 4255BFBD927AA69D38D3D8CB /* Pods-download-downloadUITests.debug.xcconfig */;
			buildSettings = {
				ALWAYS_EMBED_SWIFT_STANDARD_LIBRARIES = YES;
				CODE_SIGN_STYLE = Automatic;
				CURRENT_PROJECT_VERSION = 1;
				GENERATE_INFOPLIST_FILE = YES;
				MARKETING_VERSION = 1.0;
				PRODUCT_BUNDLE_IDENTIFIER = com.utc.download.downloadUITests;
				PRODUCT_NAME = "$(TARGET_NAME)";
				SWIFT_EMIT_LOC_STRINGS = NO;
				SWIFT_VERSION = 5.0;
				TARGETED_DEVICE_FAMILY = "1,2";
				TEST_TARGET_NAME = download;
			};
			name = Debug;
		};
		86DE6AAC296C304B0060D85F /* Release */ = {
			isa = XCBuildConfiguration;
			baseConfigurationReference = D2727363959FA75A0084FA77 /* Pods-download-downloadUITests.release.xcconfig */;
			buildSettings = {
				ALWAYS_EMBED_SWIFT_STANDARD_LIBRARIES = YES;
				CODE_SIGN_STYLE = Automatic;
				CURRENT_PROJECT_VERSION = 1;
				GENERATE_INFOPLIST_FILE = YES;
				MARKETING_VERSION = 1.0;
				PRODUCT_BUNDLE_IDENTIFIER = com.utc.download.downloadUITests;
				PRODUCT_NAME = "$(TARGET_NAME)";
				SWIFT_EMIT_LOC_STRINGS = NO;
				SWIFT_VERSION = 5.0;
				TARGETED_DEVICE_FAMILY = "1,2";
				TEST_TARGET_NAME = download;
			};
			name = Release;
		};
/* End XCBuildConfiguration section */

/* Begin XCConfigurationList section */
		86DE6A75296C30480060D85F /* Build configuration list for PBXProject "download" */ = {
			isa = XCConfigurationList;
			buildConfigurations = (
				86DE6AA2296C304B0060D85F /* Debug */,
				86DE6AA3296C304B0060D85F /* Release */,
			);
			defaultConfigurationIsVisible = 0;
			defaultConfigurationName = Release;
		};
		86DE6AA4296C304B0060D85F /* Build configuration list for PBXNativeTarget "download" */ = {
			isa = XCConfigurationList;
			buildConfigurations = (
				86DE6AA5296C304B0060D85F /* Debug */,
				86DE6AA6296C304B0060D85F /* Release */,
			);
			defaultConfigurationIsVisible = 0;
			defaultConfigurationName = Release;
		};
		86DE6AA7296C304B0060D85F /* Build configuration list for PBXNativeTarget "downloadTests" */ = {
			isa = XCConfigurationList;
			buildConfigurations = (
				86DE6AA8296C304B0060D85F /* Debug */,
				86DE6AA9296C304B0060D85F /* Release */,
			);
			defaultConfigurationIsVisible = 0;
			defaultConfigurationName = Release;
		};
		86DE6AAA296C304B0060D85F /* Build configuration list for PBXNativeTarget "downloadUITests" */ = {
			isa = XCConfigurationList;
			buildConfigurations = (
				86DE6AAB296C304B0060D85F /* Debug */,
				86DE6AAC296C304B0060D85F /* Release */,
			);
			defaultConfigurationIsVisible = 0;
			defaultConfigurationName = Release;
		};
/* End XCConfigurationList section */
	};
	rootObject = 86DE6A72296C30480060D85F /* Project object */;
}
